// !$*UTF8*$!
{
	archiveVersion = 1;
	classes = {
	};
	objectVersion = 50;
	objects = {

/* Begin PBXBuildFile section */
		3714512420E9181C005404E1 /* AppDelegate.swift in Sources */ = {isa = PBXBuildFile; fileRef = 3714512320E9181C005404E1 /* AppDelegate.swift */; };
		3714512620E9181C005404E1 /* ViewController.swift in Sources */ = {isa = PBXBuildFile; fileRef = 3714512520E9181C005404E1 /* ViewController.swift */; };
		3714512920E9181C005404E1 /* Main.storyboard in Resources */ = {isa = PBXBuildFile; fileRef = 3714512720E9181C005404E1 /* Main.storyboard */; };
		3714512B20E9181D005404E1 /* Assets.xcassets in Resources */ = {isa = PBXBuildFile; fileRef = 3714512A20E9181D005404E1 /* Assets.xcassets */; };
		3714512E20E9181D005404E1 /* LaunchScreen.storyboard in Resources */ = {isa = PBXBuildFile; fileRef = 3714512C20E9181D005404E1 /* LaunchScreen.storyboard */; };
		3714513920E9181E005404E1 /* gregTestTests.swift in Sources */ = {isa = PBXBuildFile; fileRef = 3714513820E9181E005404E1 /* gregTestTests.swift */; };
		3714514420E9181E005404E1 /* gregTestUITests.swift in Sources */ = {isa = PBXBuildFile; fileRef = 3714514320E9181E005404E1 /* gregTestUITests.swift */; };
/* End PBXBuildFile section */

/* Begin PBXContainerItemProxy section */
		3714513520E9181E005404E1 /* PBXContainerItemProxy */ = {
			isa = PBXContainerItemProxy;
			containerPortal = 3714511820E9181C005404E1 /* Project object */;
			proxyType = 1;
			remoteGlobalIDString = 3714511F20E9181C005404E1;
			remoteInfo = gregTest;
		};
		3714514020E9181E005404E1 /* PBXContainerItemProxy */ = {
			isa = PBXContainerItemProxy;
			containerPortal = 3714511820E9181C005404E1 /* Project object */;
			proxyType = 1;
			remoteGlobalIDString = 3714511F20E9181C005404E1;
			remoteInfo = gregTest;
		};
/* End PBXContainerItemProxy section */

/* Begin PBXFileReference section */
		3714512020E9181C005404E1 /* gregTest.app */ = {isa = PBXFileReference; explicitFileType = wrapper.application; includeInIndex = 0; path = gregTest.app; sourceTree = BUILT_PRODUCTS_DIR; };
		3714512320E9181C005404E1 /* AppDelegate.swift */ = {isa = PBXFileReference; lastKnownFileType = sourcecode.swift; path = AppDelegate.swift; sourceTree = "<group>"; };
		3714512520E9181C005404E1 /* ViewController.swift */ = {isa = PBXFileReference; lastKnownFileType = sourcecode.swift; path = ViewController.swift; sourceTree = "<group>"; };
		3714512820E9181C005404E1 /* Base */ = {isa = PBXFileReference; lastKnownFileType = file.storyboard; name = Base; path = Base.lproj/Main.storyboard; sourceTree = "<group>"; };
		3714512A20E9181D005404E1 /* Assets.xcassets */ = {isa = PBXFileReference; lastKnownFileType = folder.assetcatalog; path = Assets.xcassets; sourceTree = "<group>"; };
		3714512D20E9181D005404E1 /* Base */ = {isa = PBXFileReference; lastKnownFileType = file.storyboard; name = Base; path = Base.lproj/LaunchScreen.storyboard; sourceTree = "<group>"; };
		3714512F20E9181D005404E1 /* Info.plist */ = {isa = PBXFileReference; lastKnownFileType = text.plist.xml; path = Info.plist; sourceTree = "<group>"; };
		3714513420E9181E005404E1 /* gregTestTests.xctest */ = {isa = PBXFileReference; explicitFileType = wrapper.cfbundle; includeInIndex = 0; path = gregTestTests.xctest; sourceTree = BUILT_PRODUCTS_DIR; };
		3714513820E9181E005404E1 /* gregTestTests.swift */ = {isa = PBXFileReference; lastKnownFileType = sourcecode.swift; path = gregTestTests.swift; sourceTree = "<group>"; };
		3714513A20E9181E005404E1 /* Info.plist */ = {isa = PBXFileReference; lastKnownFileType = text.plist.xml; path = Info.plist; sourceTree = "<group>"; };
		3714513F20E9181E005404E1 /* gregTestUITests.xctest */ = {isa = PBXFileReference; explicitFileType = wrapper.cfbundle; includeInIndex = 0; path = gregTestUITests.xctest; sourceTree = BUILT_PRODUCTS_DIR; };
		3714514320E9181E005404E1 /* gregTestUITests.swift */ = {isa = PBXFileReference; lastKnownFileType = sourcecode.swift; path = gregTestUITests.swift; sourceTree = "<group>"; };
		3714514520E9181E005404E1 /* Info.plist */ = {isa = PBXFileReference; lastKnownFileType = text.plist.xml; path = Info.plist; sourceTree = "<group>"; };
/* End PBXFileReference section */

/* Begin PBXFrameworksBuildPhase section */
		3714511D20E9181C005404E1 /* Frameworks */ = {
			isa = PBXFrameworksBuildPhase;
			buildActionMask = 2147483647;
			files = (
			);
			runOnlyForDeploymentPostprocessing = 0;
		};
		3714513120E9181E005404E1 /* Frameworks */ = {
			isa = PBXFrameworksBuildPhase;
			buildActionMask = 2147483647;
			files = (
			);
			runOnlyForDeploymentPostprocessing = 0;
		};
		3714513C20E9181E005404E1 /* Frameworks */ = {
			isa = PBXFrameworksBuildPhase;
			buildActionMask = 2147483647;
			files = (
			);
			runOnlyForDeploymentPostprocessing = 0;
		};
/* End PBXFrameworksBuildPhase section */

/* Begin PBXGroup section */
		3714511720E9181C005404E1 = {
			isa = PBXGroup;
			children = (
				3714512220E9181C005404E1 /* gregTest */,
				3714513720E9181E005404E1 /* gregTestTests */,
				3714514220E9181E005404E1 /* gregTestUITests */,
				3714512120E9181C005404E1 /* Products */,
			);
			sourceTree = "<group>";
		};
		3714512120E9181C005404E1 /* Products */ = {
			isa = PBXGroup;
			children = (
				3714512020E9181C005404E1 /* gregTest.app */,
				3714513420E9181E005404E1 /* gregTestTests.xctest */,
				3714513F20E9181E005404E1 /* gregTestUITests.xctest */,
			);
			name = Products;
			sourceTree = "<group>";
		};
		3714512220E9181C005404E1 /* gregTest */ = {
			isa = PBXGroup;
			children = (
				3714512320E9181C005404E1 /* AppDelegate.swift */,
				3714512520E9181C005404E1 /* ViewController.swift */,
				3714512720E9181C005404E1 /* Main.storyboard */,
				3714512A20E9181D005404E1 /* Assets.xcassets */,
				3714512C20E9181D005404E1 /* LaunchScreen.storyboard */,
				3714512F20E9181D005404E1 /* Info.plist */,
			);
			path = gregTest;
			sourceTree = "<group>";
		};
		3714513720E9181E005404E1 /* gregTestTests */ = {
			isa = PBXGroup;
			children = (
				3714513820E9181E005404E1 /* gregTestTests.swift */,
				3714513A20E9181E005404E1 /* Info.plist */,
			);
			path = gregTestTests;
			sourceTree = "<group>";
		};
		3714514220E9181E005404E1 /* gregTestUITests */ = {
			isa = PBXGroup;
			children = (
				3714514320E9181E005404E1 /* gregTestUITests.swift */,
				3714514520E9181E005404E1 /* Info.plist */,
			);
			path = gregTestUITests;
			sourceTree = "<group>";
		};
/* End PBXGroup section */

/* Begin PBXNativeTarget section */
		3714511F20E9181C005404E1 /* gregTest */ = {
			isa = PBXNativeTarget;
			buildConfigurationList = 3714514820E9181E005404E1 /* Build configuration list for PBXNativeTarget "gregTest" */;
			buildPhases = (
				3714511C20E9181C005404E1 /* Sources */,
				3714511D20E9181C005404E1 /* Frameworks */,
				3714511E20E9181C005404E1 /* Resources */,
			);
			buildRules = (
			);
			dependencies = (
			);
			name = gregTest;
			productName = gregTest;
			productReference = 3714512020E9181C005404E1 /* gregTest.app */;
			productType = "com.apple.product-type.application";
		};
		3714513320E9181E005404E1 /* gregTestTests */ = {
			isa = PBXNativeTarget;
			buildConfigurationList = 3714514B20E9181E005404E1 /* Build configuration list for PBXNativeTarget "gregTestTests" */;
			buildPhases = (
				3714513020E9181E005404E1 /* Sources */,
				3714513120E9181E005404E1 /* Frameworks */,
				3714513220E9181E005404E1 /* Resources */,
			);
			buildRules = (
			);
			dependencies = (
				3714513620E9181E005404E1 /* PBXTargetDependency */,
			);
			name = gregTestTests;
			productName = gregTestTests;
			productReference = 3714513420E9181E005404E1 /* gregTestTests.xctest */;
			productType = "com.apple.product-type.bundle.unit-test";
		};
		3714513E20E9181E005404E1 /* gregTestUITests */ = {
			isa = PBXNativeTarget;
			buildConfigurationList = 3714514E20E9181E005404E1 /* Build configuration list for PBXNativeTarget "gregTestUITests" */;
			buildPhases = (
				3714513B20E9181E005404E1 /* Sources */,
				3714513C20E9181E005404E1 /* Frameworks */,
				3714513D20E9181E005404E1 /* Resources */,
			);
			buildRules = (
			);
			dependencies = (
				3714514120E9181E005404E1 /* PBXTargetDependency */,
			);
			name = gregTestUITests;
			productName = gregTestUITests;
			productReference = 3714513F20E9181E005404E1 /* gregTestUITests.xctest */;
			productType = "com.apple.product-type.bundle.ui-testing";
		};
/* End PBXNativeTarget section */

/* Begin PBXProject section */
		3714511820E9181C005404E1 /* Project object */ = {
			isa = PBXProject;
			attributes = {
				LastSwiftUpdateCheck = 0940;
				LastUpgradeCheck = 0940;
				ORGANIZATIONNAME = "Gregory Cox";
				TargetAttributes = {
					3714511F20E9181C005404E1 = {
						CreatedOnToolsVersion = 9.4.1;
					};
					3714513320E9181E005404E1 = {
						CreatedOnToolsVersion = 9.4.1;
						TestTargetID = 3714511F20E9181C005404E1;
					};
					3714513E20E9181E005404E1 = {
						CreatedOnToolsVersion = 9.4.1;
						TestTargetID = 3714511F20E9181C005404E1;
					};
				};
			};
			buildConfigurationList = 3714511B20E9181C005404E1 /* Build configuration list for PBXProject "gregTest" */;
			compatibilityVersion = "Xcode 9.3";
			developmentRegion = en;
			hasScannedForEncodings = 0;
			knownRegions = (
				en,
				Base,
			);
			mainGroup = 3714511720E9181C005404E1;
			productRefGroup = 3714512120E9181C005404E1 /* Products */;
			projectDirPath = "";
			projectRoot = "";
			targets = (
				3714511F20E9181C005404E1 /* gregTest */,
				3714513320E9181E005404E1 /* gregTestTests */,
				3714513E20E9181E005404E1 /* gregTestUITests */,
			);
		};
/* End PBXProject section */

/* Begin PBXResourcesBuildPhase section */
		3714511E20E9181C005404E1 /* Resources */ = {
			isa = PBXResourcesBuildPhase;
			buildActionMask = 2147483647;
			files = (
				3714512E20E9181D005404E1 /* LaunchScreen.storyboard in Resources */,
				3714512B20E9181D005404E1 /* Assets.xcassets in Resources */,
				3714512920E9181C005404E1 /* Main.storyboard in Resources */,
			);
			runOnlyForDeploymentPostprocessing = 0;
		};
		3714513220E9181E005404E1 /* Resources */ = {
			isa = PBXResourcesBuildPhase;
			buildActionMask = 2147483647;
			files = (
			);
			runOnlyForDeploymentPostprocessing = 0;
		};
		3714513D20E9181E005404E1 /* Resources */ = {
			isa = PBXResourcesBuildPhase;
			buildActionMask = 2147483647;
			files = (
			);
			runOnlyForDeploymentPostprocessing = 0;
		};
/* End PBXResourcesBuildPhase section */

/* Begin PBXSourcesBuildPhase section */
		3714511C20E9181C005404E1 /* Sources */ = {
			isa = PBXSourcesBuildPhase;
			buildActionMask = 2147483647;
			files = (
				3714512620E9181C005404E1 /* ViewController.swift in Sources */,
				3714512420E9181C005404E1 /* AppDelegate.swift in Sources */,
			);
			runOnlyForDeploymentPostprocessing = 0;
		};
		3714513020E9181E005404E1 /* Sources */ = {
			isa = PBXSourcesBuildPhase;
			buildActionMask = 2147483647;
			files = (
				3714513920E9181E005404E1 /* gregTestTests.swift in Sources */,
			);
			runOnlyForDeploymentPostprocessing = 0;
		};
		3714513B20E9181E005404E1 /* Sources */ = {
			isa = PBXSourcesBuildPhase;
			buildActionMask = 2147483647;
			files = (
				3714514420E9181E005404E1 /* gregTestUITests.swift in Sources */,
			);
			runOnlyForDeploymentPostprocessing = 0;
		};
/* End PBXSourcesBuildPhase section */

/* Begin PBXTargetDependency section */
		3714513620E9181E005404E1 /* PBXTargetDependency */ = {
			isa = PBXTargetDependency;
			target = 3714511F20E9181C005404E1 /* gregTest */;
			targetProxy = 3714513520E9181E005404E1 /* PBXContainerItemProxy */;
		};
		3714514120E9181E005404E1 /* PBXTargetDependency */ = {
			isa = PBXTargetDependency;
			target = 3714511F20E9181C005404E1 /* gregTest */;
			targetProxy = 3714514020E9181E005404E1 /* PBXContainerItemProxy */;
		};
/* End PBXTargetDependency section */

/* Begin PBXVariantGroup section */
		3714512720E9181C005404E1 /* Main.storyboard */ = {
			isa = PBXVariantGroup;
			children = (
				3714512820E9181C005404E1 /* Base */,
			);
			name = Main.storyboard;
			sourceTree = "<group>";
		};
		3714512C20E9181D005404E1 /* LaunchScreen.storyboard */ = {
			isa = PBXVariantGroup;
			children = (
				3714512D20E9181D005404E1 /* Base */,
			);
			name = LaunchScreen.storyboard;
			sourceTree = "<group>";
		};
/* End PBXVariantGroup section */

/* Begin XCBuildConfiguration section */
		3714514620E9181E005404E1 /* Debug */ = {
			isa = XCBuildConfiguration;
			buildSettings = {
				ALWAYS_SEARCH_USER_PATHS = NO;
				CLANG_ANALYZER_NONNULL = YES;
				CLANG_ANALYZER_NUMBER_OBJECT_CONVERSION = YES_AGGRESSIVE;
				CLANG_CXX_LANGUAGE_STANDARD = "gnu++14";
				CLANG_CXX_LIBRARY = "libc++";
				CLANG_ENABLE_MODULES = YES;
				CLANG_ENABLE_OBJC_ARC = YES;
				CLANG_ENABLE_OBJC_WEAK = YES;
				CLANG_WARN_BLOCK_CAPTURE_AUTORELEASING = YES;
				CLANG_WARN_BOOL_CONVERSION = YES;
				CLANG_WARN_COMMA = YES;
				CLANG_WARN_CONSTANT_CONVERSION = YES;
				CLANG_WARN_DEPRECATED_OBJC_IMPLEMENTATIONS = YES;
				CLANG_WARN_DIRECT_OBJC_ISA_USAGE = YES_ERROR;
				CLANG_WARN_DOCUMENTATION_COMMENTS = YES;
				CLANG_WARN_EMPTY_BODY = YES;
				CLANG_WARN_ENUM_CONVERSION = YES;
				CLANG_WARN_INFINITE_RECURSION = YES;
				CLANG_WARN_INT_CONVERSION = YES;
				CLANG_WARN_NON_LITERAL_NULL_CONVERSION = YES;
				CLANG_WARN_OBJC_IMPLICIT_RETAIN_SELF = YES;
				CLANG_WARN_OBJC_LITERAL_CONVERSION = YES;
				CLANG_WARN_OBJC_ROOT_CLASS = YES_ERROR;
				CLANG_WARN_RANGE_LOOP_ANALYSIS = YES;
				CLANG_WARN_STRICT_PROTOTYPES = YES;
				CLANG_WARN_SUSPICIOUS_MOVE = YES;
				CLANG_WARN_UNGUARDED_AVAILABILITY = YES_AGGRESSIVE;
				CLANG_WARN_UNREACHABLE_CODE = YES;
				CLANG_WARN__DUPLICATE_METHOD_MATCH = YES;
				CODE_SIGN_IDENTITY = "iPhone Developer";
				COPY_PHASE_STRIP = NO;
				DEBUG_INFORMATION_FORMAT = dwarf;
				ENABLE_STRICT_OBJC_MSGSEND = YES;
				ENABLE_TESTABILITY = YES;
				GCC_C_LANGUAGE_STANDARD = gnu11;
				GCC_DYNAMIC_NO_PIC = NO;
				GCC_NO_COMMON_BLOCKS = YES;
				GCC_OPTIMIZATION_LEVEL = 0;
				GCC_PREPROCESSOR_DEFINITIONS = (
					"DEBUG=1",
					"$(inherited)",
				);
				GCC_WARN_64_TO_32_BIT_CONVERSION = YES;
				GCC_WARN_ABOUT_RETURN_TYPE = YES_ERROR;
				GCC_WARN_UNDECLARED_SELECTOR = YES;
				GCC_WARN_UNINITIALIZED_AUTOS = YES_AGGRESSIVE;
				GCC_WARN_UNUSED_FUNCTION = YES;
				GCC_WARN_UNUSED_VARIABLE = YES;
				IPHONEOS_DEPLOYMENT_TARGET = 11.4;
				MTL_ENABLE_DEBUG_INFO = YES;
				ONLY_ACTIVE_ARCH = YES;
				SDKROOT = iphoneos;
				SWIFT_ACTIVE_COMPILATION_CONDITIONS = DEBUG;
				SWIFT_OPTIMIZATION_LEVEL = "-Onone";
			};
			name = Debug;
		};
		3714514720E9181E005404E1 /* Release */ = {
			isa = XCBuildConfiguration;
			buildSettings = {
				ALWAYS_SEARCH_USER_PATHS = NO;
				CLANG_ANALYZER_NONNULL = YES;
				CLANG_ANALYZER_NUMBER_OBJECT_CONVERSION = YES_AGGRESSIVE;
				CLANG_CXX_LANGUAGE_STANDARD = "gnu++14";
				CLANG_CXX_LIBRARY = "libc++";
				CLANG_ENABLE_MODULES = YES;
				CLANG_ENABLE_OBJC_ARC = YES;
				CLANG_ENABLE_OBJC_WEAK = YES;
				CLANG_WARN_BLOCK_CAPTURE_AUTORELEASING = YES;
				CLANG_WARN_BOOL_CONVERSION = YES;
				CLANG_WARN_COMMA = YES;
				CLANG_WARN_CONSTANT_CONVERSION = YES;
				CLANG_WARN_DEPRECATED_OBJC_IMPLEMENTATIONS = YES;
				CLANG_WARN_DIRECT_OBJC_ISA_USAGE = YES_ERROR;
				CLANG_WARN_DOCUMENTATION_COMMENTS = YES;
				CLANG_WARN_EMPTY_BODY = YES;
				CLANG_WARN_ENUM_CONVERSION = YES;
				CLANG_WARN_INFINITE_RECURSION = YES;
				CLANG_WARN_INT_CONVERSION = YES;
				CLANG_WARN_NON_LITERAL_NULL_CONVERSION = YES;
				CLANG_WARN_OBJC_IMPLICIT_RETAIN_SELF = YES;
				CLANG_WARN_OBJC_LITERAL_CONVERSION = YES;
				CLANG_WARN_OBJC_ROOT_CLASS = YES_ERROR;
				CLANG_WARN_RANGE_LOOP_ANALYSIS = YES;
				CLANG_WARN_STRICT_PROTOTYPES = YES;
				CLANG_WARN_SUSPICIOUS_MOVE = YES;
				CLANG_WARN_UNGUARDED_AVAILABILITY = YES_AGGRESSIVE;
				CLANG_WARN_UNREACHABLE_CODE = YES;
				CLANG_WARN__DUPLICATE_METHOD_MATCH = YES;
				CODE_SIGN_IDENTITY = "iPhone Developer";
				COPY_PHASE_STRIP = NO;
				DEBUG_INFORMATION_FORMAT = "dwarf-with-dsym";
				ENABLE_NS_ASSERTIONS = NO;
				ENABLE_STRICT_OBJC_MSGSEND = YES;
				GCC_C_LANGUAGE_STANDARD = gnu11;
				GCC_NO_COMMON_BLOCKS = YES;
				GCC_WARN_64_TO_32_BIT_CONVERSION = YES;
				GCC_WARN_ABOUT_RETURN_TYPE = YES_ERROR;
				GCC_WARN_UNDECLARED_SELECTOR = YES;
				GCC_WARN_UNINITIALIZED_AUTOS = YES_AGGRESSIVE;
				GCC_WARN_UNUSED_FUNCTION = YES;
				GCC_WARN_UNUSED_VARIABLE = YES;
				IPHONEOS_DEPLOYMENT_TARGET = 11.4;
				MTL_ENABLE_DEBUG_INFO = NO;
				SDKROOT = iphoneos;
				SWIFT_COMPILATION_MODE = wholemodule;
				SWIFT_OPTIMIZATION_LEVEL = "-O";
				VALIDATE_PRODUCT = YES;
			};
			name = Release;
		};
		3714514920E9181E005404E1 /* Debug */ = {
			isa = XCBuildConfiguration;
			buildSettings = {
				ASSETCATALOG_COMPILER_APPICON_NAME = AppIcon;
				CODE_SIGN_STYLE = Automatic;
				DEVELOPMENT_TEAM = 5DEY5QQM5J;
				INFOPLIST_FILE = gregTest/Info.plist;
				LD_RUNPATH_SEARCH_PATHS = (
					"$(inherited)",
					"@executable_path/Frameworks",
				);
				PRODUCT_BUNDLE_IDENTIFIER = com.gregcox1979.gregTest;
				PRODUCT_NAME = "$(TARGET_NAME)";
				SWIFT_VERSION = 4.0;
				TARGETED_DEVICE_FAMILY = "1,2";
			};
			name = Debug;
		};
		3714514A20E9181E005404E1 /* Release */ = {
			isa = XCBuildConfiguration;
			buildSettings = {
				ASSETCATALOG_COMPILER_APPICON_NAME = AppIcon;
				CODE_SIGN_STYLE = Automatic;
				DEVELOPMENT_TEAM = 5DEY5QQM5J;
				INFOPLIST_FILE = gregTest/Info.plist;
				LD_RUNPATH_SEARCH_PATHS = (
					"$(inherited)",
					"@executable_path/Frameworks",
				);
				PRODUCT_BUNDLE_IDENTIFIER = com.gregcox1979.gregTest;
				PRODUCT_NAME = "$(TARGET_NAME)";
				SWIFT_VERSION = 4.0;
				TARGETED_DEVICE_FAMILY = "1,2";
			};
			name = Release;
		};
		3714514C20E9181E005404E1 /* Debug */ = {
			isa = XCBuildConfiguration;
			buildSettings = {
				ALWAYS_EMBED_SWIFT_STANDARD_LIBRARIES = YES;
				BUNDLE_LOADER = "$(TEST_HOST)";
				CODE_SIGN_STYLE = Automatic;
				DEVELOPMENT_TEAM = 5DEY5QQM5J;
				INFOPLIST_FILE = gregTestTests/Info.plist;
				LD_RUNPATH_SEARCH_PATHS = (
					"$(inherited)",
					"@executable_path/Frameworks",
					"@loader_path/Frameworks",
				);
				PRODUCT_BUNDLE_IDENTIFIER = com.gregcox1979.gregTestTests;
				PRODUCT_NAME = "$(TARGET_NAME)";
				SWIFT_VERSION = 4.0;
				TARGETED_DEVICE_FAMILY = "1,2";
				TEST_HOST = "$(BUILT_PRODUCTS_DIR)/gregTest.app/gregTest";
			};
			name = Debug;
		};
		3714514D20E9181E005404E1 /* Release */ = {
			isa = XCBuildConfiguration;
			buildSettings = {
				ALWAYS_EMBED_SWIFT_STANDARD_LIBRARIES = YES;
				BUNDLE_LOADER = "$(TEST_HOST)";
				CODE_SIGN_STYLE = Automatic;
				DEVELOPMENT_TEAM = 5DEY5QQM5J;
				INFOPLIST_FILE = gregTestTests/Info.plist;
				LD_RUNPATH_SEARCH_PATHS = (
					"$(inherited)",
					"@executable_path/Frameworks",
					"@loader_path/Frameworks",
				);
				PRODUCT_BUNDLE_IDENTIFIER = com.gregcox1979.gregTestTests;
				PRODUCT_NAME = "$(TARGET_NAME)";
				SWIFT_VERSION = 4.0;
				TARGETED_DEVICE_FAMILY = "1,2";
				TEST_HOST = "$(BUILT_PRODUCTS_DIR)/gregTest.app/gregTest";
			};
			name = Release;
		};
		3714514F20E9181E005404E1 /* Debug */ = {
			isa = XCBuildConfiguration;
			buildSettings = {
				ALWAYS_EMBED_SWIFT_STANDARD_LIBRARIES = YES;
				CODE_SIGN_STYLE = Automatic;
				DEVELOPMENT_TEAM = 5DEY5QQM5J;
				INFOPLIST_FILE = gregTestUITests/Info.plist;
				LD_RUNPATH_SEARCH_PATHS = (
					"$(inherited)",
					"@executable_path/Frameworks",
					"@loader_path/Frameworks",
				);
				PRODUCT_BUNDLE_IDENTIFIER = com.gregcox1979.gregTestUITests;
				PRODUCT_NAME = "$(TARGET_NAME)";
				SWIFT_VERSION = 4.0;
				TARGETED_DEVICE_FAMILY = "1,2";
				TEST_TARGET_NAME = gregTest;
			};
			name = Debug;
		};
		3714515020E9181E005404E1 /* Release */ = {
			isa = XCBuildConfiguration;
			buildSettings = {
				ALWAYS_EMBED_SWIFT_STANDARD_LIBRARIES = YES;
				CODE_SIGN_STYLE = Automatic;
				DEVELOPMENT_TEAM = 5DEY5QQM5J;
				INFOPLIST_FILE = gregTestUITests/Info.plist;
				LD_RUNPATH_SEARCH_PATHS = (
					"$(inherited)",
					"@executable_path/Frameworks",
					"@loader_path/Frameworks",
				);
				PRODUCT_BUNDLE_IDENTIFIER = com.gregcox1979.gregTestUITests;
				PRODUCT_NAME = "$(TARGET_NAME)";
				SWIFT_VERSION = 4.0;
				TARGETED_DEVICE_FAMILY = "1,2";
				TEST_TARGET_NAME = gregTest;
			};
			name = Release;
		};
/* End XCBuildConfiguration section */

/* Begin XCConfigurationList section */
		3714511B20E9181C005404E1 /* Build configuration list for PBXProject "gregTest" */ = {
			isa = XCConfigurationList;
			buildConfigurations = (
				3714514620E9181E005404E1 /* Debug */,
				3714514720E9181E005404E1 /* Release */,
			);
			defaultConfigurationIsVisible = 0;
			defaultConfigurationName = Release;
		};
		3714514820E9181E005404E1 /* Build configuration list for PBXNativeTarget "gregTest" */ = {
			isa = XCConfigurationList;
			buildConfigurations = (
				3714514920E9181E005404E1 /* Debug */,
				3714514A20E9181E005404E1 /* Release */,
			);
			defaultConfigurationIsVisible = 0;
			defaultConfigurationName = Release;
		};
		3714514B20E9181E005404E1 /* Build configuration list for PBXNativeTarget "gregTestTests" */ = {
			isa = XCConfigurationList;
			buildConfigurations = (
				3714514C20E9181E005404E1 /* Debug */,
				3714514D20E9181E005404E1 /* Release */,
			);
			defaultConfigurationIsVisible = 0;
			defaultConfigurationName = Release;
		};
		3714514E20E9181E005404E1 /* Build configuration list for PBXNativeTarget "gregTestUITests" */ = {
			isa = XCConfigurationList;
			buildConfigurations = (
				3714514F20E9181E005404E1 /* Debug */,
				3714515020E9181E005404E1 /* Release */,
			);
			defaultConfigurationIsVisible = 0;
			defaultConfigurationName = Release;
		};
/* End XCConfigurationList section */
	};
	rootObject = 3714511820E9181C005404E1 /* Project object */;
}
